
Microsoft Visual Studio Solution File, Format Version 12.00
# Visual Studio Version 17
VisualStudioVersion = 17.12.35707.178
MinimumVisualStudioVersion = 10.0.40219.1
Project("{FAE04EC0-301F-11D3-BF4B-00C04F79EFBC}") = "TaskManagementAPI", "TaskManagementAPI\TaskManagementAPI.csproj", "{1DE0A887-A353-426B-A668-8EA8CE76C320}"
EndProject
Project("{FAE04EC0-301F-11D3-BF4B-00C04F79EFBC}") = "TaskManagementAPI.Tests", "TaskManagementAPI.Tests\TaskManagementAPI.Tests.csproj", "{B34C47BB-4C8B-4045-B113-47F745593A33}"
EndProject
Global
	GlobalSection(SolutionConfigurationPlatforms) = preSolution
		Debug|Any CPU = Debug|Any CPU
		Release|Any CPU = Release|Any CPU
	EndGlobalSection
	GlobalSection(ProjectConfigurationPlatforms) = postSolution
		{1DE0A887-A353-426B-A668-8EA8CE76C320}.Debug|Any CPU.ActiveCfg = Debug|Any CPU
		{1DE0A887-A353-426B-A668-8EA8CE76C320}.Debug|Any CPU.Build.0 = Debug|Any CPU
		{1DE0A887-A353-426B-A668-8EA8CE76C320}.Release|Any CPU.ActiveCfg = Release|Any CPU
		{1DE0A887-A353-426B-A668-8EA8CE76C320}.Release|Any CPU.Build.0 = Release|Any CPU
		{B34C47BB-4C8B-4045-B113-47F745593A33}.Debug|Any CPU.ActiveCfg = Debug|Any CPU
		{B34C47BB-4C8B-4045-B113-47F745593A33}.Debug|Any CPU.Build.0 = Debug|Any CPU
		{B34C47BB-4C8B-4045-B113-47F745593A33}.Release|Any CPU.ActiveCfg = Release|Any CPU
		{B34C47BB-4C8B-4045-B113-47F745593A33}.Release|Any CPU.Build.0 = Release|Any CPU
	EndGlobalSection
	GlobalSection(SolutionProperties) = preSolution
		HideSolutionNode = FALSE
	EndGlobalSection
EndGlobal
